
Microsoft Visual Studio Solution File, Format Version 12.00
# Visual Studio Version 17
VisualStudioVersion = 17.7.34018.315
MinimumVisualStudioVersion = 10.0.40219.1
Project("{FAE04EC0-301F-11D3-BF4B-00C04F79EFBC}") = "DIS_Bubble_Sort_Algo", "DIS_Bubble_Sort_Algo.csproj", "{F0796305-3A19-437E-9FC9-AAA876127A0E}"
EndProject
Global
	GlobalSection(SolutionConfigurationPlatforms) = preSolution
		Debug|Any CPU = Debug|Any CPU
		Release|Any CPU = Release|Any CPU
	EndGlobalSection
	GlobalSection(ProjectConfigurationPlatforms) = postSolution
		{F0796305-3A19-437E-9FC9-AAA876127A0E}.Debug|Any CPU.ActiveCfg = Debug|Any CPU
		{F0796305-3A19-437E-9FC9-AAA876127A0E}.Debug|Any CPU.Build.0 = Debug|Any CPU
		{F0796305-3A19-437E-9FC9-AAA876127A0E}.Release|Any CPU.ActiveCfg = Release|Any CPU
		{F0796305-3A19-437E-9FC9-AAA876127A0E}.Release|Any CPU.Build.0 = Release|Any CPU
	EndGlobalSection
	GlobalSection(SolutionProperties) = preSolution
		HideSolutionNode = FALSE
	EndGlobalSection
	GlobalSection(ExtensibilityGlobals) = postSolution
		SolutionGuid = {4FD867DD-0D13-49A8-8EC6-5D5C37C5C182}
	EndGlobalSection
EndGlobal
